
Microsoft Visual Studio Solution File, Format Version 12.00
# Visual Studio 14
VisualStudioVersion = 14.0.23107.0
MinimumVisualStudioVersion = 10.0.40219.1
Project("{F2A71F9B-5D33-465A-A702-920D77279786}") = "Footy_Aggregator", "Footy Aggregator\Footy_Aggregator.fsproj", "{CFF768AB-7830-41E2-B332-AD2308A44850}"
EndProject
Project("{F2A71F9B-5D33-465A-A702-920D77279786}") = "Playground", "Playground\Playground.fsproj", "{84353673-3135-40E2-93B0-73854F99DFEA}"
EndProject
Global
	GlobalSection(SolutionConfigurationPlatforms) = preSolution
		Debug|Any CPU = Debug|Any CPU
		Release|Any CPU = Release|Any CPU
	EndGlobalSection
	GlobalSection(ProjectConfigurationPlatforms) = postSolution
		{CFF768AB-7830-41E2-B332-AD2308A44850}.Debug|Any CPU.ActiveCfg = Debug|Any CPU
		{CFF768AB-7830-41E2-B332-AD2308A44850}.Debug|Any CPU.Build.0 = Debug|Any CPU
		{CFF768AB-7830-41E2-B332-AD2308A44850}.Release|Any CPU.ActiveCfg = Release|Any CPU
		{CFF768AB-7830-41E2-B332-AD2308A44850}.Release|Any CPU.Build.0 = Release|Any CPU
		{84353673-3135-40E2-93B0-73854F99DFEA}.Debug|Any CPU.ActiveCfg = Debug|Any CPU
		{84353673-3135-40E2-93B0-73854F99DFEA}.Debug|Any CPU.Build.0 = Debug|Any CPU
		{84353673-3135-40E2-93B0-73854F99DFEA}.Release|Any CPU.ActiveCfg = Release|Any CPU
		{84353673-3135-40E2-93B0-73854F99DFEA}.Release|Any CPU.Build.0 = Release|Any CPU
	EndGlobalSection
	GlobalSection(SolutionProperties) = preSolution
		HideSolutionNode = FALSE
	EndGlobalSection
EndGlobal
